
Microsoft Visual Studio Solution File, Format Version 12.00
# Visual Studio Version 17
VisualStudioVersion = 17.4.33205.214
MinimumVisualStudioVersion = 10.0.40219.1
Project("{6EC3EE1D-3C4E-46DD-8F32-0CC8E7565705}") = "XfixyLib", "src\XfixyLib\XfixyLib.fsproj", "{F6B92F4C-6482-44A3-8BE8-E8A90B6E1080}"
EndProject
Project("{9A19103F-16F7-4668-BE54-9A1E7A4F7556}") = "Xfixy.WinUI", "src\Xfixy.WinUI\Xfixy.WinUI.csproj", "{D7345BA8-4C97-4F67-B93E-0E9C92F48157}"
EndProject
Project("{6EC3EE1D-3C4E-46DD-8F32-0CC8E7565705}") = "Build", "build\Build.fsproj", "{8C05061E-35FB-4675-A2F4-FD8E2D86F592}"
EndProject
Project("{C7167F0D-BC9F-4E6E-AFE1-012C56B48DB5}") = "Wap", "src\Wap\Wap.wapproj", "{4B6DE721-54E8-4241-A200-3185379AB22A}"
EndProject
Project("{2150E333-8FDC-42A3-9474-1A3956D46DE8}") = "src", "src", "{927C778D-B416-4FC3-8152-A4C15E2A51FA}"
EndProject
Project("{6EC3EE1D-3C4E-46DD-8F32-0CC8E7565705}") = "Xfixy.Worker", "src\Xfixy.Worker\Xfixy.Worker.fsproj", "{16EDA408-91F3-49B9-B464-D5FA754FC044}"
EndProject
Project("{2150E333-8FDC-42A3-9474-1A3956D46DE8}") = "Ps1-scripts", "Ps1-scripts", "{34F396C6-1F37-4BD7-98C4-F0044E95065C}"
	ProjectSection(SolutionItems) = preProject
		src\Ps1-scripts\try-reconnect.ps1 = src\Ps1-scripts\try-reconnect.ps1
	EndProjectSection
EndProject
Project("{6EC3EE1D-3C4E-46DD-8F32-0CC8E7565705}") = "Xfixy.Mantle", "src\Xfixy.Mantle\Xfixy.Mantle.fsproj", "{1E463C73-D00D-444D-B1E9-266ACC437F7A}"
EndProject
Global
	GlobalSection(SolutionConfigurationPlatforms) = preSolution
		Debug|Any CPU = Debug|Any CPU
		Debug|x64 = Debug|x64
		Release|Any CPU = Release|Any CPU
		Release|x64 = Release|x64
	EndGlobalSection
	GlobalSection(ProjectConfigurationPlatforms) = postSolution
		{F6B92F4C-6482-44A3-8BE8-E8A90B6E1080}.Debug|Any CPU.ActiveCfg = Debug|Any CPU
		{F6B92F4C-6482-44A3-8BE8-E8A90B6E1080}.Debug|Any CPU.Build.0 = Debug|Any CPU
		{F6B92F4C-6482-44A3-8BE8-E8A90B6E1080}.Debug|x64.ActiveCfg = Debug|x64
		{F6B92F4C-6482-44A3-8BE8-E8A90B6E1080}.Debug|x64.Build.0 = Debug|x64
		{F6B92F4C-6482-44A3-8BE8-E8A90B6E1080}.Release|Any CPU.ActiveCfg = Release|Any CPU
		{F6B92F4C-6482-44A3-8BE8-E8A90B6E1080}.Release|Any CPU.Build.0 = Release|Any CPU
		{F6B92F4C-6482-44A3-8BE8-E8A90B6E1080}.Release|x64.ActiveCfg = Release|x64
		{F6B92F4C-6482-44A3-8BE8-E8A90B6E1080}.Release|x64.Build.0 = Release|x64
		{D7345BA8-4C97-4F67-B93E-0E9C92F48157}.Debug|Any CPU.ActiveCfg = Debug|Any CPU
		{D7345BA8-4C97-4F67-B93E-0E9C92F48157}.Debug|Any CPU.Build.0 = Debug|Any CPU
		{D7345BA8-4C97-4F67-B93E-0E9C92F48157}.Debug|Any CPU.Deploy.0 = Debug|Any CPU
		{D7345BA8-4C97-4F67-B93E-0E9C92F48157}.Debug|x64.ActiveCfg = Debug|x64
		{D7345BA8-4C97-4F67-B93E-0E9C92F48157}.Debug|x64.Build.0 = Debug|x64
		{D7345BA8-4C97-4F67-B93E-0E9C92F48157}.Debug|x64.Deploy.0 = Debug|x64
		{D7345BA8-4C97-4F67-B93E-0E9C92F48157}.Release|Any CPU.ActiveCfg = Release|x64
		{D7345BA8-4C97-4F67-B93E-0E9C92F48157}.Release|Any CPU.Build.0 = Release|x64
		{D7345BA8-4C97-4F67-B93E-0E9C92F48157}.Release|Any CPU.Deploy.0 = Release|x64
		{D7345BA8-4C97-4F67-B93E-0E9C92F48157}.Release|x64.ActiveCfg = Release|x64
		{D7345BA8-4C97-4F67-B93E-0E9C92F48157}.Release|x64.Build.0 = Release|x64
		{D7345BA8-4C97-4F67-B93E-0E9C92F48157}.Release|x64.Deploy.0 = Release|x64
		{8C05061E-35FB-4675-A2F4-FD8E2D86F592}.Debug|Any CPU.ActiveCfg = Debug|Any CPU
		{8C05061E-35FB-4675-A2F4-FD8E2D86F592}.Debug|Any CPU.Build.0 = Debug|Any CPU
		{8C05061E-35FB-4675-A2F4-FD8E2D86F592}.Debug|x64.ActiveCfg = Debug|Any CPU
		{8C05061E-35FB-4675-A2F4-FD8E2D86F592}.Debug|x64.Build.0 = Debug|Any CPU
		{8C05061E-35FB-4675-A2F4-FD8E2D86F592}.Release|Any CPU.ActiveCfg = Release|Any CPU
		{8C05061E-35FB-4675-A2F4-FD8E2D86F592}.Release|Any CPU.Build.0 = Release|Any CPU
		{8C05061E-35FB-4675-A2F4-FD8E2D86F592}.Release|x64.ActiveCfg = Release|Any CPU
		{8C05061E-35FB-4675-A2F4-FD8E2D86F592}.Release|x64.Build.0 = Release|Any CPU
		{4B6DE721-54E8-4241-A200-3185379AB22A}.Debug|Any CPU.ActiveCfg = Debug|x64
		{4B6DE721-54E8-4241-A200-3185379AB22A}.Debug|Any CPU.Build.0 = Debug|x64
		{4B6DE721-54E8-4241-A200-3185379AB22A}.Debug|Any CPU.Deploy.0 = Debug|x64
		{4B6DE721-54E8-4241-A200-3185379AB22A}.Debug|x64.ActiveCfg = Debug|x64
		{4B6DE721-54E8-4241-A200-3185379AB22A}.Debug|x64.Build.0 = Debug|x64
		{4B6DE721-54E8-4241-A200-3185379AB22A}.Debug|x64.Deploy.0 = Debug|x64
		{4B6DE721-54E8-4241-A200-3185379AB22A}.Release|Any CPU.ActiveCfg = Release|Any CPU
		{4B6DE721-54E8-4241-A200-3185379AB22A}.Release|Any CPU.Build.0 = Release|Any CPU
		{4B6DE721-54E8-4241-A200-3185379AB22A}.Release|Any CPU.Deploy.0 = Release|Any CPU
		{4B6DE721-54E8-4241-A200-3185379AB22A}.Release|x64.ActiveCfg = Release|x64
		{4B6DE721-54E8-4241-A200-3185379AB22A}.Release|x64.Build.0 = Release|x64
		{4B6DE721-54E8-4241-A200-3185379AB22A}.Release|x64.Deploy.0 = Release|x64
		{16EDA408-91F3-49B9-B464-D5FA754FC044}.Debug|Any CPU.ActiveCfg = Debug|Any CPU
		{16EDA408-91F3-49B9-B464-D5FA754FC044}.Debug|Any CPU.Build.0 = Debug|Any CPU
		{16EDA408-91F3-49B9-B464-D5FA754FC044}.Debug|x64.ActiveCfg = Debug|x64
		{16EDA408-91F3-49B9-B464-D5FA754FC044}.Debug|x64.Build.0 = Debug|x64
		{16EDA408-91F3-49B9-B464-D5FA754FC044}.Release|Any CPU.ActiveCfg = Release|Any CPU
		{16EDA408-91F3-49B9-B464-D5FA754FC044}.Release|Any CPU.Build.0 = Release|Any CPU
		{16EDA408-91F3-49B9-B464-D5FA754FC044}.Release|x64.ActiveCfg = Release|x64
		{16EDA408-91F3-49B9-B464-D5FA754FC044}.Release|x64.Build.0 = Release|x64
		{1E463C73-D00D-444D-B1E9-266ACC437F7A}.Debug|Any CPU.ActiveCfg = Debug|Any CPU
		{1E463C73-D00D-444D-B1E9-266ACC437F7A}.Debug|Any CPU.Build.0 = Debug|Any CPU
		{1E463C73-D00D-444D-B1E9-266ACC437F7A}.Debug|x64.ActiveCfg = Debug|x64
		{1E463C73-D00D-444D-B1E9-266ACC437F7A}.Debug|x64.Build.0 = Debug|x64
		{1E463C73-D00D-444D-B1E9-266ACC437F7A}.Release|Any CPU.ActiveCfg = Release|Any CPU
		{1E463C73-D00D-444D-B1E9-266ACC437F7A}.Release|Any CPU.Build.0 = Release|Any CPU
		{1E463C73-D00D-444D-B1E9-266ACC437F7A}.Release|x64.ActiveCfg = Release|x64
		{1E463C73-D00D-444D-B1E9-266ACC437F7A}.Release|x64.Build.0 = Release|x64
	EndGlobalSection
	GlobalSection(SolutionProperties) = preSolution
		HideSolutionNode = FALSE
	EndGlobalSection
	GlobalSection(NestedProjects) = preSolution
		{F6B92F4C-6482-44A3-8BE8-E8A90B6E1080} = {927C778D-B416-4FC3-8152-A4C15E2A51FA}
		{D7345BA8-4C97-4F67-B93E-0E9C92F48157} = {927C778D-B416-4FC3-8152-A4C15E2A51FA}
		{4B6DE721-54E8-4241-A200-3185379AB22A} = {927C778D-B416-4FC3-8152-A4C15E2A51FA}
		{16EDA408-91F3-49B9-B464-D5FA754FC044} = {927C778D-B416-4FC3-8152-A4C15E2A51FA}
		{34F396C6-1F37-4BD7-98C4-F0044E95065C} = {927C778D-B416-4FC3-8152-A4C15E2A51FA}
		{1E463C73-D00D-444D-B1E9-266ACC437F7A} = {927C778D-B416-4FC3-8152-A4C15E2A51FA}
	EndGlobalSection
	GlobalSection(ExtensibilityGlobals) = postSolution
		SolutionGuid = {358489B4-B762-4CBA-8103-E96CEC174DC8}
	EndGlobalSection
EndGlobal
